
Microsoft Visual Studio Solution File, Format Version 12.00
# Visual Studio Version 16
VisualStudioVersion = 16.0.30225.117
MinimumVisualStudioVersion = 10.0.40219.1
Project("{888888A0-9F3D-457C-B088-3A5042F75D52}") = "Demo App", "Demo App\Demo App.pyproj", "{4E899DC4-E7E9-449D-AAFE-3AE6C73C7211}"
EndProject
Global
	GlobalSection(SolutionConfigurationPlatforms) = preSolution
		Debug|Any CPU = Debug|Any CPU
		Release|Any CPU = Release|Any CPU
	EndGlobalSection
	GlobalSection(ProjectConfigurationPlatforms) = postSolution
		{4E899DC4-E7E9-449D-AAFE-3AE6C73C7211}.Debug|Any CPU.ActiveCfg = Debug|Any CPU
		{4E899DC4-E7E9-449D-AAFE-3AE6C73C7211}.Debug|Any CPU.Build.0 = Debug|Any CPU
		{4E899DC4-E7E9-449D-AAFE-3AE6C73C7211}.Release|Any CPU.ActiveCfg = Release|Any CPU
		{4E899DC4-E7E9-449D-AAFE-3AE6C73C7211}.Release|Any CPU.Build.0 = Release|Any CPU
	EndGlobalSection
	GlobalSection(SolutionProperties) = preSolution
		HideSolutionNode = FALSE
	EndGlobalSection
	GlobalSection(ExtensibilityGlobals) = postSolution
		SolutionGuid = {475AE7F4-ED22-409F-A393-27AF19B4C3A9}
	EndGlobalSection
EndGlobal
